# THIS IS AN AUTOGENERATED FILE. DO NOT EDIT THIS FILE DIRECTLY.
# yarn lockfile v1


async@~0.2.6:
  version "0.2.10"
  resolved "https://registry.yarnpkg.com/async/-/async-0.2.10.tgz#b6bbe0b0674b9d719708ca38de8c237cb526c3d1"

concat-files@^0.1.1:
  version "0.1.1"
  resolved "https://registry.yarnpkg.com/concat-files/-/concat-files-0.1.1.tgz#7016ae60278ba3f6b0b561368fa211160e556db5"
  dependencies:
    async "~0.2.6"

download-file-sync@^1.0.4:
  version "1.0.4"
  resolved "https://registry.yarnpkg.com/download-file-sync/-/download-file-sync-1.0.4.tgz#d3e3c543f836f41039455b9034c72e355b036019"
